{
  "name": "zennidogs-prod",
  "version": "1.0.0",
  "lockfileVersion": 2,
  "requires": true,
  "packages": {
    "": {
      "name": "zennidogs-prod",
      "version": "1.0.0",
      "license": "ISC",
      "dependencies": {
        "soft-ui-design-system": "^1.0.4"
      }
    },
    "node_modules/soft-ui-design-system": {
      "version": "1.0.4",
      "resolved": "https://registry.npmjs.org/soft-ui-design-system/-/soft-ui-design-system-1.0.4.tgz",
      "integrity": "sha512-tX86rDIsaW2CscpCEolbqvYMpjZOSHGoTZLFRAV+8HJpYEdbNjeS8BsAUhhs8qDlRnbmCykolVgQqKnKlcfLEQ=="
    }
  },
  "dependencies": {
    "soft-ui-design-system": {
      "version": "1.0.4",
      "resolved": "https://registry.npmjs.org/soft-ui-design-system/-/soft-ui-design-system-1.0.4.tgz",
      "integrity": "sha512-tX86rDIsaW2CscpCEolbqvYMpjZOSHGoTZLFRAV+8HJpYEdbNjeS8BsAUhhs8qDlRnbmCykolVgQqKnKlcfLEQ=="
    }
  }
}
